
Microsoft Visual Studio Solution File, Format Version 12.00
# Visual Studio Version 16
VisualStudioVersion = 16.0.29503.13
MinimumVisualStudioVersion = 10.0.40219.1
Project("{FAE04EC0-301F-11D3-BF4B-00C04F79EFBC}") = "VRChatActivityLogViewer", "VRChatActivityLogViewer\VRChatActivityLogViewer.csproj", "{2A0D35BA-6621-4B75-BF8D-C37D9858FED0}"
EndProject
Global
	GlobalSection(SolutionConfigurationPlatforms) = preSolution
		Debug|Any CPU = Debug|Any CPU
		Release|Any CPU = Release|Any CPU
	EndGlobalSection
	GlobalSection(ProjectConfigurationPlatforms) = postSolution
		{2A0D35BA-6621-4B75-BF8D-C37D9858FED0}.Debug|Any CPU.ActiveCfg = Debug|Any CPU
		{2A0D35BA-6621-4B75-BF8D-C37D9858FED0}.Debug|Any CPU.Build.0 = Debug|Any CPU
		{2A0D35BA-6621-4B75-BF8D-C37D9858FED0}.Release|Any CPU.ActiveCfg = Release|Any CPU
		{2A0D35BA-6621-4B75-BF8D-C37D9858FED0}.Release|Any CPU.Build.0 = Release|Any CPU
	EndGlobalSection
	GlobalSection(SolutionProperties) = preSolution
		HideSolutionNode = FALSE
	EndGlobalSection
	GlobalSection(ExtensibilityGlobals) = postSolution
		SolutionGuid = {C0D9EFA5-1439-4279-A0D4-FF9227743642}
	EndGlobalSection
EndGlobal
